
Microsoft Visual Studio Solution File, Format Version 12.00
# Visual Studio 15
VisualStudioVersion = 15.0.27703.2018
MinimumVisualStudioVersion = 10.0.40219.1
Project("{FAE04EC0-301F-11D3-BF4B-00C04F79EFBC}") = "PhoneCallApp.Android", "PhoneCallApp\PhoneCallApp.Android\PhoneCallApp.Android.csproj", "{796F6EB1-8926-41E1-AB67-0852B4433791}"
EndProject
Project("{FAE04EC0-301F-11D3-BF4B-00C04F79EFBC}") = "PhoneCallApp.iOS", "PhoneCallApp\PhoneCallApp.iOS\PhoneCallApp.iOS.csproj", "{14C62B9D-2DF6-466E-8262-AF78EBB8431F}"
EndProject
Project("{FAE04EC0-301F-11D3-BF4B-00C04F79EFBC}") = "PhoneCallApp.UWP", "PhoneCallApp\PhoneCallApp.UWP\PhoneCallApp.UWP.csproj", "{7EF8D0FF-1317-4A36-A803-84AC369CB873}"
EndProject
Project("{FAE04EC0-301F-11D3-BF4B-00C04F79EFBC}") = "PhoneCallApp", "PhoneCallApp\PhoneCallApp\PhoneCallApp.csproj", "{A7760D1D-2442-47F4-A21D-E4126C359203}"
EndProject
Global
	GlobalSection(SolutionConfigurationPlatforms) = preSolution
		Ad-Hoc|Any CPU = Ad-Hoc|Any CPU
		Ad-Hoc|ARM = Ad-Hoc|ARM
		Ad-Hoc|iPhone = Ad-Hoc|iPhone
		Ad-Hoc|iPhoneSimulator = Ad-Hoc|iPhoneSimulator
		Ad-Hoc|x64 = Ad-Hoc|x64
		Ad-Hoc|x86 = Ad-Hoc|x86
		AppStore|Any CPU = AppStore|Any CPU
		AppStore|ARM = AppStore|ARM
		AppStore|iPhone = AppStore|iPhone
		AppStore|iPhoneSimulator = AppStore|iPhoneSimulator
		AppStore|x64 = AppStore|x64
		AppStore|x86 = AppStore|x86
		Debug|Any CPU = Debug|Any CPU
		Debug|ARM = Debug|ARM
		Debug|iPhone = Debug|iPhone
		Debug|iPhoneSimulator = Debug|iPhoneSimulator
		Debug|x64 = Debug|x64
		Debug|x86 = Debug|x86
		Release|Any CPU = Release|Any CPU
		Release|ARM = Release|ARM
		Release|iPhone = Release|iPhone
		Release|iPhoneSimulator = Release|iPhoneSimulator
		Release|x64 = Release|x64
		Release|x86 = Release|x86
	EndGlobalSection
	GlobalSection(ProjectConfigurationPlatforms) = postSolution
		{796F6EB1-8926-41E1-AB67-0852B4433791}.Ad-Hoc|Any CPU.ActiveCfg = Release|Any CPU
		{796F6EB1-8926-41E1-AB67-0852B4433791}.Ad-Hoc|Any CPU.Build.0 = Release|Any CPU
		{796F6EB1-8926-41E1-AB67-0852B4433791}.Ad-Hoc|Any CPU.Deploy.0 = Release|Any CPU
		{796F6EB1-8926-41E1-AB67-0852B4433791}.Ad-Hoc|ARM.ActiveCfg = Release|Any CPU
		{796F6EB1-8926-41E1-AB67-0852B4433791}.Ad-Hoc|ARM.Build.0 = Release|Any CPU
		{796F6EB1-8926-41E1-AB67-0852B4433791}.Ad-Hoc|ARM.Deploy.0 = Release|Any CPU
		{796F6EB1-8926-41E1-AB67-0852B4433791}.Ad-Hoc|iPhone.ActiveCfg = Release|Any CPU
		{796F6EB1-8926-41E1-AB67-0852B4433791}.Ad-Hoc|iPhone.Build.0 = Release|Any CPU
		{796F6EB1-8926-41E1-AB67-0852B4433791}.Ad-Hoc|iPhone.Deploy.0 = Release|Any CPU
		{796F6EB1-8926-41E1-AB67-0852B4433791}.Ad-Hoc|iPhoneSimulator.ActiveCfg = Release|Any CPU
		{796F6EB1-8926-41E1-AB67-0852B4433791}.Ad-Hoc|iPhoneSimulator.Build.0 = Release|Any CPU
		{796F6EB1-8926-41E1-AB67-0852B4433791}.Ad-Hoc|iPhoneSimulator.Deploy.0 = Release|Any CPU
		{796F6EB1-8926-41E1-AB67-0852B4433791}.Ad-Hoc|x64.ActiveCfg = Release|Any CPU
		{796F6EB1-8926-41E1-AB67-0852B4433791}.Ad-Hoc|x64.Build.0 = Release|Any CPU
		{796F6EB1-8926-41E1-AB67-0852B4433791}.Ad-Hoc|x64.Deploy.0 = Release|Any CPU
		{796F6EB1-8926-41E1-AB67-0852B4433791}.Ad-Hoc|x86.ActiveCfg = Release|Any CPU
		{796F6EB1-8926-41E1-AB67-0852B4433791}.Ad-Hoc|x86.Build.0 = Release|Any CPU
		{796F6EB1-8926-41E1-AB67-0852B4433791}.Ad-Hoc|x86.Deploy.0 = Release|Any CPU
		{796F6EB1-8926-41E1-AB67-0852B4433791}.AppStore|Any CPU.ActiveCfg = Release|Any CPU
		{796F6EB1-8926-41E1-AB67-0852B4433791}.AppStore|Any CPU.Build.0 = Release|Any CPU
		{796F6EB1-8926-41E1-AB67-0852B4433791}.AppStore|Any CPU.Deploy.0 = Release|Any CPU
		{796F6EB1-8926-41E1-AB67-0852B4433791}.AppStore|ARM.ActiveCfg = Release|Any CPU
		{796F6EB1-8926-41E1-AB67-0852B4433791}.AppStore|ARM.Build.0 = Release|Any CPU
		{796F6EB1-8926-41E1-AB67-0852B4433791}.AppStore|ARM.Deploy.0 = Release|Any CPU
		{796F6EB1-8926-41E1-AB67-0852B4433791}.AppStore|iPhone.ActiveCfg = Release|Any CPU
		{796F6EB1-8926-41E1-AB67-0852B4433791}.AppStore|iPhone.Build.0 = Release|Any CPU
		{796F6EB1-8926-41E1-AB67-0852B4433791}.AppStore|iPhone.Deploy.0 = Release|Any CPU
		{796F6EB1-8926-41E1-AB67-0852B4433791}.AppStore|iPhoneSimulator.ActiveCfg = Release|Any CPU
		{796F6EB1-8926-41E1-AB67-0852B4433791}.AppStore|iPhoneSimulator.Build.0 = Release|Any CPU
		{796F6EB1-8926-41E1-AB67-0852B4433791}.AppStore|iPhoneSimulator.Deploy.0 = Release|Any CPU
		{796F6EB1-8926-41E1-AB67-0852B4433791}.AppStore|x64.ActiveCfg = Release|Any CPU
		{796F6EB1-8926-41E1-AB67-0852B4433791}.AppStore|x64.Build.0 = Release|Any CPU
		{796F6EB1-8926-41E1-AB67-0852B4433791}.AppStore|x64.Deploy.0 = Release|Any CPU
		{796F6EB1-8926-41E1-AB67-0852B4433791}.AppStore|x86.ActiveCfg = Release|Any CPU
		{796F6EB1-8926-41E1-AB67-0852B4433791}.AppStore|x86.Build.0 = Release|Any CPU
		{796F6EB1-8926-41E1-AB67-0852B4433791}.AppStore|x86.Deploy.0 = Release|Any CPU
		{796F6EB1-8926-41E1-AB67-0852B4433791}.Debug|Any CPU.ActiveCfg = Debug|Any CPU
		{796F6EB1-8926-41E1-AB67-0852B4433791}.Debug|Any CPU.Build.0 = Debug|Any CPU
		{796F6EB1-8926-41E1-AB67-0852B4433791}.Debug|Any CPU.Deploy.0 = Debug|Any CPU
		{796F6EB1-8926-41E1-AB67-0852B4433791}.Debug|ARM.ActiveCfg = Debug|Any CPU
		{796F6EB1-8926-41E1-AB67-0852B4433791}.Debug|ARM.Build.0 = Debug|Any CPU
		{796F6EB1-8926-41E1-AB67-0852B4433791}.Debug|ARM.Deploy.0 = Debug|Any CPU
		{796F6EB1-8926-41E1-AB67-0852B4433791}.Debug|iPhone.ActiveCfg = Debug|Any CPU
		{796F6EB1-8926-41E1-AB67-0852B4433791}.Debug|iPhone.Build.0 = Debug|Any CPU
		{796F6EB1-8926-41E1-AB67-0852B4433791}.Debug|iPhone.Deploy.0 = Debug|Any CPU
		{796F6EB1-8926-41E1-AB67-0852B4433791}.Debug|iPhoneSimulator.ActiveCfg = Debug|Any CPU
		{796F6EB1-8926-41E1-AB67-0852B4433791}.Debug|iPhoneSimulator.Build.0 = Debug|Any CPU
		{796F6EB1-8926-41E1-AB67-0852B4433791}.Debug|iPhoneSimulator.Deploy.0 = Debug|Any CPU
		{796F6EB1-8926-41E1-AB67-0852B4433791}.Debug|x64.ActiveCfg = Debug|Any CPU
		{796F6EB1-8926-41E1-AB67-0852B4433791}.Debug|x64.Build.0 = Debug|Any CPU
		{796F6EB1-8926-41E1-AB67-0852B4433791}.Debug|x64.Deploy.0 = Debug|Any CPU
		{796F6EB1-8926-41E1-AB67-0852B4433791}.Debug|x86.ActiveCfg = Debug|Any CPU
		{796F6EB1-8926-41E1-AB67-0852B4433791}.Debug|x86.Build.0 = Debug|Any CPU
		{796F6EB1-8926-41E1-AB67-0852B4433791}.Debug|x86.Deploy.0 = Debug|Any CPU
		{796F6EB1-8926-41E1-AB67-0852B4433791}.Release|Any CPU.ActiveCfg = Release|Any CPU
		{796F6EB1-8926-41E1-AB67-0852B4433791}.Release|Any CPU.Build.0 = Release|Any CPU
		{796F6EB1-8926-41E1-AB67-0852B4433791}.Release|Any CPU.Deploy.0 = Release|Any CPU
		{796F6EB1-8926-41E1-AB67-0852B4433791}.Release|ARM.ActiveCfg = Release|Any CPU
		{796F6EB1-8926-41E1-AB67-0852B4433791}.Release|ARM.Build.0 = Release|Any CPU
		{796F6EB1-8926-41E1-AB67-0852B4433791}.Release|ARM.Deploy.0 = Release|Any CPU
		{796F6EB1-8926-41E1-AB67-0852B4433791}.Release|iPhone.ActiveCfg = Release|Any CPU
		{796F6EB1-8926-41E1-AB67-0852B4433791}.Release|iPhone.Build.0 = Release|Any CPU
		{796F6EB1-8926-41E1-AB67-0852B4433791}.Release|iPhone.Deploy.0 = Release|Any CPU
		{796F6EB1-8926-41E1-AB67-0852B4433791}.Release|iPhoneSimulator.ActiveCfg = Release|Any CPU
		{796F6EB1-8926-41E1-AB67-0852B4433791}.Release|iPhoneSimulator.Build.0 = Release|Any CPU
		{796F6EB1-8926-41E1-AB67-0852B4433791}.Release|iPhoneSimulator.Deploy.0 = Release|Any CPU
		{796F6EB1-8926-41E1-AB67-0852B4433791}.Release|x64.ActiveCfg = Release|Any CPU
		{796F6EB1-8926-41E1-AB67-0852B4433791}.Release|x64.Build.0 = Release|Any CPU
		{796F6EB1-8926-41E1-AB67-0852B4433791}.Release|x64.Deploy.0 = Release|Any CPU
		{796F6EB1-8926-41E1-AB67-0852B4433791}.Release|x86.ActiveCfg = Release|Any CPU
		{796F6EB1-8926-41E1-AB67-0852B4433791}.Release|x86.Build.0 = Release|Any CPU
		{796F6EB1-8926-41E1-AB67-0852B4433791}.Release|x86.Deploy.0 = Release|Any CPU
		{14C62B9D-2DF6-466E-8262-AF78EBB8431F}.Ad-Hoc|Any CPU.ActiveCfg = Ad-Hoc|iPhone
		{14C62B9D-2DF6-466E-8262-AF78EBB8431F}.Ad-Hoc|Any CPU.Build.0 = Ad-Hoc|iPhone
		{14C62B9D-2DF6-466E-8262-AF78EBB8431F}.Ad-Hoc|Any CPU.Deploy.0 = Ad-Hoc|iPhone
		{14C62B9D-2DF6-466E-8262-AF78EBB8431F}.Ad-Hoc|ARM.ActiveCfg = Ad-Hoc|iPhone
		{14C62B9D-2DF6-466E-8262-AF78EBB8431F}.Ad-Hoc|ARM.Build.0 = Ad-Hoc|iPhone
		{14C62B9D-2DF6-466E-8262-AF78EBB8431F}.Ad-Hoc|ARM.Deploy.0 = Ad-Hoc|iPhone
		{14C62B9D-2DF6-466E-8262-AF78EBB8431F}.Ad-Hoc|iPhone.ActiveCfg = Ad-Hoc|iPhone
		{14C62B9D-2DF6-466E-8262-AF78EBB8431F}.Ad-Hoc|iPhone.Build.0 = Ad-Hoc|iPhone
		{14C62B9D-2DF6-466E-8262-AF78EBB8431F}.Ad-Hoc|iPhone.Deploy.0 = Ad-Hoc|iPhone
		{14C62B9D-2DF6-466E-8262-AF78EBB8431F}.Ad-Hoc|iPhoneSimulator.ActiveCfg = Ad-Hoc|iPhoneSimulator
		{14C62B9D-2DF6-466E-8262-AF78EBB8431F}.Ad-Hoc|iPhoneSimulator.Build.0 = Ad-Hoc|iPhoneSimulator
		{14C62B9D-2DF6-466E-8262-AF78EBB8431F}.Ad-Hoc|iPhoneSimulator.Deploy.0 = Ad-Hoc|iPhoneSimulator
		{14C62B9D-2DF6-466E-8262-AF78EBB8431F}.Ad-Hoc|x64.ActiveCfg = Ad-Hoc|iPhone
		{14C62B9D-2DF6-466E-8262-AF78EBB8431F}.Ad-Hoc|x64.Build.0 = Ad-Hoc|iPhone
		{14C62B9D-2DF6-466E-8262-AF78EBB8431F}.Ad-Hoc|x64.Deploy.0 = Ad-Hoc|iPhone
		{14C62B9D-2DF6-466E-8262-AF78EBB8431F}.Ad-Hoc|x86.ActiveCfg = Ad-Hoc|iPhone
		{14C62B9D-2DF6-466E-8262-AF78EBB8431F}.Ad-Hoc|x86.Build.0 = Ad-Hoc|iPhone
		{14C62B9D-2DF6-466E-8262-AF78EBB8431F}.Ad-Hoc|x86.Deploy.0 = Ad-Hoc|iPhone
		{14C62B9D-2DF6-466E-8262-AF78EBB8431F}.AppStore|Any CPU.ActiveCfg = AppStore|iPhone
		{14C62B9D-2DF6-466E-8262-AF78EBB8431F}.AppStore|Any CPU.Build.0 = AppStore|iPhone
		{14C62B9D-2DF6-466E-8262-AF78EBB8431F}.AppStore|Any CPU.Deploy.0 = AppStore|iPhone
		{14C62B9D-2DF6-466E-8262-AF78EBB8431F}.AppStore|ARM.ActiveCfg = AppStore|iPhone
		{14C62B9D-2DF6-466E-8262-AF78EBB8431F}.AppStore|ARM.Build.0 = AppStore|iPhone
		{14C62B9D-2DF6-466E-8262-AF78EBB8431F}.AppStore|ARM.Deploy.0 = AppStore|iPhone
		{14C62B9D-2DF6-466E-8262-AF78EBB8431F}.AppStore|iPhone.ActiveCfg = AppStore|iPhone
		{14C62B9D-2DF6-466E-8262-AF78EBB8431F}.AppStore|iPhone.Build.0 = AppStore|iPhone
		{14C62B9D-2DF6-466E-8262-AF78EBB8431F}.AppStore|iPhone.Deploy.0 = AppStore|iPhone
		{14C62B9D-2DF6-466E-8262-AF78EBB8431F}.AppStore|iPhoneSimulator.ActiveCfg = AppStore|iPhoneSimulator
		{14C62B9D-2DF6-466E-8262-AF78EBB8431F}.AppStore|iPhoneSimulator.Build.0 = AppStore|iPhoneSimulator
		{14C62B9D-2DF6-466E-8262-AF78EBB8431F}.AppStore|iPhoneSimulator.Deploy.0 = AppStore|iPhoneSimulator
		{14C62B9D-2DF6-466E-8262-AF78EBB8431F}.AppStore|x64.ActiveCfg = AppStore|iPhone
		{14C62B9D-2DF6-466E-8262-AF78EBB8431F}.AppStore|x64.Build.0 = AppStore|iPhone
		{14C62B9D-2DF6-466E-8262-AF78EBB8431F}.AppStore|x64.Deploy.0 = AppStore|iPhone
		{14C62B9D-2DF6-466E-8262-AF78EBB8431F}.AppStore|x86.ActiveCfg = AppStore|iPhone
		{14C62B9D-2DF6-466E-8262-AF78EBB8431F}.AppStore|x86.Build.0 = AppStore|iPhone
		{14C62B9D-2DF6-466E-8262-AF78EBB8431F}.AppStore|x86.Deploy.0 = AppStore|iPhone
		{14C62B9D-2DF6-466E-8262-AF78EBB8431F}.Debug|Any CPU.ActiveCfg = Debug|iPhoneSimulator
		{14C62B9D-2DF6-466E-8262-AF78EBB8431F}.Debug|Any CPU.Build.0 = Debug|iPhoneSimulator
		{14C62B9D-2DF6-466E-8262-AF78EBB8431F}.Debug|Any CPU.Deploy.0 = Debug|iPhoneSimulator
		{14C62B9D-2DF6-466E-8262-AF78EBB8431F}.Debug|ARM.ActiveCfg = Debug|iPhone
		{14C62B9D-2DF6-466E-8262-AF78EBB8431F}.Debug|ARM.Build.0 = Debug|iPhone
		{14C62B9D-2DF6-466E-8262-AF78EBB8431F}.Debug|ARM.Deploy.0 = Debug|iPhone
		{14C62B9D-2DF6-466E-8262-AF78EBB8431F}.Debug|iPhone.ActiveCfg = Debug|iPhone
		{14C62B9D-2DF6-466E-8262-AF78EBB8431F}.Debug|iPhone.Build.0 = Debug|iPhone
		{14C62B9D-2DF6-466E-8262-AF78EBB8431F}.Debug|iPhone.Deploy.0 = Debug|iPhone
		{14C62B9D-2DF6-466E-8262-AF78EBB8431F}.Debug|iPhoneSimulator.ActiveCfg = Debug|iPhoneSimulator
		{14C62B9D-2DF6-466E-8262-AF78EBB8431F}.Debug|iPhoneSimulator.Build.0 = Debug|iPhoneSimulator
		{14C62B9D-2DF6-466E-8262-AF78EBB8431F}.Debug|iPhoneSimulator.Deploy.0 = Debug|iPhoneSimulator
		{14C62B9D-2DF6-466E-8262-AF78EBB8431F}.Debug|x64.ActiveCfg = Debug|iPhone
		{14C62B9D-2DF6-466E-8262-AF78EBB8431F}.Debug|x64.Build.0 = Debug|iPhone
		{14C62B9D-2DF6-466E-8262-AF78EBB8431F}.Debug|x64.Deploy.0 = Debug|iPhone
		{14C62B9D-2DF6-466E-8262-AF78EBB8431F}.Debug|x86.ActiveCfg = Debug|iPhone
		{14C62B9D-2DF6-466E-8262-AF78EBB8431F}.Debug|x86.Build.0 = Debug|iPhone
		{14C62B9D-2DF6-466E-8262-AF78EBB8431F}.Debug|x86.Deploy.0 = Debug|iPhone
		{14C62B9D-2DF6-466E-8262-AF78EBB8431F}.Release|Any CPU.ActiveCfg = Release|iPhone
		{14C62B9D-2DF6-466E-8262-AF78EBB8431F}.Release|Any CPU.Build.0 = Release|iPhone
		{14C62B9D-2DF6-466E-8262-AF78EBB8431F}.Release|Any CPU.Deploy.0 = Release|iPhone
		{14C62B9D-2DF6-466E-8262-AF78EBB8431F}.Release|ARM.ActiveCfg = Release|iPhone
		{14C62B9D-2DF6-466E-8262-AF78EBB8431F}.Release|ARM.Build.0 = Release|iPhone
		{14C62B9D-2DF6-466E-8262-AF78EBB8431F}.Release|ARM.Deploy.0 = Release|iPhone
		{14C62B9D-2DF6-466E-8262-AF78EBB8431F}.Release|iPhone.ActiveCfg = Release|iPhone
		{14C62B9D-2DF6-466E-8262-AF78EBB8431F}.Release|iPhone.Build.0 = Release|iPhone
		{14C62B9D-2DF6-466E-8262-AF78EBB8431F}.Release|iPhone.Deploy.0 = Release|iPhone
		{14C62B9D-2DF6-466E-8262-AF78EBB8431F}.Release|iPhoneSimulator.ActiveCfg = Release|iPhoneSimulator
		{14C62B9D-2DF6-466E-8262-AF78EBB8431F}.Release|iPhoneSimulator.Build.0 = Release|iPhoneSimulator
		{14C62B9D-2DF6-466E-8262-AF78EBB8431F}.Release|iPhoneSimulator.Deploy.0 = Release|iPhoneSimulator
		{14C62B9D-2DF6-466E-8262-AF78EBB8431F}.Release|x64.ActiveCfg = Release|iPhone
		{14C62B9D-2DF6-466E-8262-AF78EBB8431F}.Release|x64.Build.0 = Release|iPhone
		{14C62B9D-2DF6-466E-8262-AF78EBB8431F}.Release|x64.Deploy.0 = Release|iPhone
		{14C62B9D-2DF6-466E-8262-AF78EBB8431F}.Release|x86.ActiveCfg = Release|iPhone
		{14C62B9D-2DF6-466E-8262-AF78EBB8431F}.Release|x86.Build.0 = Release|iPhone
		{14C62B9D-2DF6-466E-8262-AF78EBB8431F}.Release|x86.Deploy.0 = Release|iPhone
		{7EF8D0FF-1317-4A36-A803-84AC369CB873}.Ad-Hoc|Any CPU.ActiveCfg = Release|x86
		{7EF8D0FF-1317-4A36-A803-84AC369CB873}.Ad-Hoc|Any CPU.Build.0 = Release|x86
		{7EF8D0FF-1317-4A36-A803-84AC369CB873}.Ad-Hoc|Any CPU.Deploy.0 = Release|x86
		{7EF8D0FF-1317-4A36-A803-84AC369CB873}.Ad-Hoc|ARM.ActiveCfg = Release|ARM
		{7EF8D0FF-1317-4A36-A803-84AC369CB873}.Ad-Hoc|ARM.Build.0 = Release|ARM
		{7EF8D0FF-1317-4A36-A803-84AC369CB873}.Ad-Hoc|ARM.Deploy.0 = Release|ARM
		{7EF8D0FF-1317-4A36-A803-84AC369CB873}.Ad-Hoc|iPhone.ActiveCfg = Release|x86
		{7EF8D0FF-1317-4A36-A803-84AC369CB873}.Ad-Hoc|iPhone.Build.0 = Release|x86
		{7EF8D0FF-1317-4A36-A803-84AC369CB873}.Ad-Hoc|iPhone.Deploy.0 = Release|x86
		{7EF8D0FF-1317-4A36-A803-84AC369CB873}.Ad-Hoc|iPhoneSimulator.ActiveCfg = Release|x86
		{7EF8D0FF-1317-4A36-A803-84AC369CB873}.Ad-Hoc|iPhoneSimulator.Build.0 = Release|x86
		{7EF8D0FF-1317-4A36-A803-84AC369CB873}.Ad-Hoc|iPhoneSimulator.Deploy.0 = Release|x86
		{7EF8D0FF-1317-4A36-A803-84AC369CB873}.Ad-Hoc|x64.ActiveCfg = Release|x64
		{7EF8D0FF-1317-4A36-A803-84AC369CB873}.Ad-Hoc|x64.Build.0 = Release|x64
		{7EF8D0FF-1317-4A36-A803-84AC369CB873}.Ad-Hoc|x64.Deploy.0 = Release|x64
		{7EF8D0FF-1317-4A36-A803-84AC369CB873}.Ad-Hoc|x86.ActiveCfg = Release|x86
		{7EF8D0FF-1317-4A36-A803-84AC369CB873}.Ad-Hoc|x86.Build.0 = Release|x86
		{7EF8D0FF-1317-4A36-A803-84AC369CB873}.Ad-Hoc|x86.Deploy.0 = Release|x86
		{7EF8D0FF-1317-4A36-A803-84AC369CB873}.AppStore|Any CPU.ActiveCfg = Release|x86
		{7EF8D0FF-1317-4A36-A803-84AC369CB873}.AppStore|Any CPU.Build.0 = Release|x86
		{7EF8D0FF-1317-4A36-A803-84AC369CB873}.AppStore|Any CPU.Deploy.0 = Release|x86
		{7EF8D0FF-1317-4A36-A803-84AC369CB873}.AppStore|ARM.ActiveCfg = Release|ARM
		{7EF8D0FF-1317-4A36-A803-84AC369CB873}.AppStore|ARM.Build.0 = Release|ARM
		{7EF8D0FF-1317-4A36-A803-84AC369CB873}.AppStore|ARM.Deploy.0 = Release|ARM
		{7EF8D0FF-1317-4A36-A803-84AC369CB873}.AppStore|iPhone.ActiveCfg = Release|x86
		{7EF8D0FF-1317-4A36-A803-84AC369CB873}.AppStore|iPhone.Build.0 = Release|x86
		{7EF8D0FF-1317-4A36-A803-84AC369CB873}.AppStore|iPhone.Deploy.0 = Release|x86
		{7EF8D0FF-1317-4A36-A803-84AC369CB873}.AppStore|iPhoneSimulator.ActiveCfg = Release|x86
		{7EF8D0FF-1317-4A36-A803-84AC369CB873}.AppStore|iPhoneSimulator.Build.0 = Release|x86
		{7EF8D0FF-1317-4A36-A803-84AC369CB873}.AppStore|iPhoneSimulator.Deploy.0 = Release|x86
		{7EF8D0FF-1317-4A36-A803-84AC369CB873}.AppStore|x64.ActiveCfg = Release|x64
		{7EF8D0FF-1317-4A36-A803-84AC369CB873}.AppStore|x64.Build.0 = Release|x64
		{7EF8D0FF-1317-4A36-A803-84AC369CB873}.AppStore|x64.Deploy.0 = Release|x64
		{7EF8D0FF-1317-4A36-A803-84AC369CB873}.AppStore|x86.ActiveCfg = Release|x86
		{7EF8D0FF-1317-4A36-A803-84AC369CB873}.AppStore|x86.Build.0 = Release|x86
		{7EF8D0FF-1317-4A36-A803-84AC369CB873}.AppStore|x86.Deploy.0 = Release|x86
		{7EF8D0FF-1317-4A36-A803-84AC369CB873}.Debug|Any CPU.ActiveCfg = Debug|x86
		{7EF8D0FF-1317-4A36-A803-84AC369CB873}.Debug|Any CPU.Build.0 = Debug|x86
		{7EF8D0FF-1317-4A36-A803-84AC369CB873}.Debug|Any CPU.Deploy.0 = Debug|x86
		{7EF8D0FF-1317-4A36-A803-84AC369CB873}.Debug|ARM.ActiveCfg = Debug|ARM
		{7EF8D0FF-1317-4A36-A803-84AC369CB873}.Debug|ARM.Build.0 = Debug|ARM
		{7EF8D0FF-1317-4A36-A803-84AC369CB873}.Debug|ARM.Deploy.0 = Debug|ARM
		{7EF8D0FF-1317-4A36-A803-84AC369CB873}.Debug|iPhone.ActiveCfg = Debug|x86
		{7EF8D0FF-1317-4A36-A803-84AC369CB873}.Debug|iPhone.Build.0 = Debug|x86
		{7EF8D0FF-1317-4A36-A803-84AC369CB873}.Debug|iPhone.Deploy.0 = Debug|x86
		{7EF8D0FF-1317-4A36-A803-84AC369CB873}.Debug|iPhoneSimulator.ActiveCfg = Debug|x86
		{7EF8D0FF-1317-4A36-A803-84AC369CB873}.Debug|iPhoneSimulator.Build.0 = Debug|x86
		{7EF8D0FF-1317-4A36-A803-84AC369CB873}.Debug|iPhoneSimulator.Deploy.0 = Debug|x86
		{7EF8D0FF-1317-4A36-A803-84AC369CB873}.Debug|x64.ActiveCfg = Debug|x64
		{7EF8D0FF-1317-4A36-A803-84AC369CB873}.Debug|x64.Build.0 = Debug|x64
		{7EF8D0FF-1317-4A36-A803-84AC369CB873}.Debug|x64.Deploy.0 = Debug|x64
		{7EF8D0FF-1317-4A36-A803-84AC369CB873}.Debug|x86.ActiveCfg = Debug|x86
		{7EF8D0FF-1317-4A36-A803-84AC369CB873}.Debug|x86.Build.0 = Debug|x86
		{7EF8D0FF-1317-4A36-A803-84AC369CB873}.Debug|x86.Deploy.0 = Debug|x86
		{7EF8D0FF-1317-4A36-A803-84AC369CB873}.Release|Any CPU.ActiveCfg = Release|x86
		{7EF8D0FF-1317-4A36-A803-84AC369CB873}.Release|Any CPU.Build.0 = Release|x86
		{7EF8D0FF-1317-4A36-A803-84AC369CB873}.Release|Any CPU.Deploy.0 = Release|x86
		{7EF8D0FF-1317-4A36-A803-84AC369CB873}.Release|ARM.ActiveCfg = Release|ARM
		{7EF8D0FF-1317-4A36-A803-84AC369CB873}.Release|ARM.Build.0 = Release|ARM
		{7EF8D0FF-1317-4A36-A803-84AC369CB873}.Release|ARM.Deploy.0 = Release|ARM
		{7EF8D0FF-1317-4A36-A803-84AC369CB873}.Release|iPhone.ActiveCfg = Release|x86
		{7EF8D0FF-1317-4A36-A803-84AC369CB873}.Release|iPhone.Build.0 = Release|x86
		{7EF8D0FF-1317-4A36-A803-84AC369CB873}.Release|iPhone.Deploy.0 = Release|x86
		{7EF8D0FF-1317-4A36-A803-84AC369CB873}.Release|iPhoneSimulator.ActiveCfg = Release|x86
		{7EF8D0FF-1317-4A36-A803-84AC369CB873}.Release|iPhoneSimulator.Build.0 = Release|x86
		{7EF8D0FF-1317-4A36-A803-84AC369CB873}.Release|iPhoneSimulator.Deploy.0 = Release|x86
		{7EF8D0FF-1317-4A36-A803-84AC369CB873}.Release|x64.ActiveCfg = Release|x64
		{7EF8D0FF-1317-4A36-A803-84AC369CB873}.Release|x64.Build.0 = Release|x64
		{7EF8D0FF-1317-4A36-A803-84AC369CB873}.Release|x64.Deploy.0 = Release|x64
		{7EF8D0FF-1317-4A36-A803-84AC369CB873}.Release|x86.ActiveCfg = Release|x86
		{7EF8D0FF-1317-4A36-A803-84AC369CB873}.Release|x86.Build.0 = Release|x86
		{7EF8D0FF-1317-4A36-A803-84AC369CB873}.Release|x86.Deploy.0 = Release|x86
		{A7760D1D-2442-47F4-A21D-E4126C359203}.Ad-Hoc|Any CPU.ActiveCfg = Debug|Any CPU
		{A7760D1D-2442-47F4-A21D-E4126C359203}.Ad-Hoc|Any CPU.Build.0 = Debug|Any CPU
		{A7760D1D-2442-47F4-A21D-E4126C359203}.Ad-Hoc|Any CPU.Deploy.0 = Debug|Any CPU
		{A7760D1D-2442-47F4-A21D-E4126C359203}.Ad-Hoc|ARM.ActiveCfg = Debug|Any CPU
		{A7760D1D-2442-47F4-A21D-E4126C359203}.Ad-Hoc|ARM.Build.0 = Debug|Any CPU
		{A7760D1D-2442-47F4-A21D-E4126C359203}.Ad-Hoc|ARM.Deploy.0 = Debug|Any CPU
		{A7760D1D-2442-47F4-A21D-E4126C359203}.Ad-Hoc|iPhone.ActiveCfg = Debug|Any CPU
		{A7760D1D-2442-47F4-A21D-E4126C359203}.Ad-Hoc|iPhone.Build.0 = Debug|Any CPU
		{A7760D1D-2442-47F4-A21D-E4126C359203}.Ad-Hoc|iPhone.Deploy.0 = Debug|Any CPU
		{A7760D1D-2442-47F4-A21D-E4126C359203}.Ad-Hoc|iPhoneSimulator.ActiveCfg = Debug|Any CPU
		{A7760D1D-2442-47F4-A21D-E4126C359203}.Ad-Hoc|iPhoneSimulator.Build.0 = Debug|Any CPU
		{A7760D1D-2442-47F4-A21D-E4126C359203}.Ad-Hoc|iPhoneSimulator.Deploy.0 = Debug|Any CPU
		{A7760D1D-2442-47F4-A21D-E4126C359203}.Ad-Hoc|x64.ActiveCfg = Debug|Any CPU
		{A7760D1D-2442-47F4-A21D-E4126C359203}.Ad-Hoc|x64.Build.0 = Debug|Any CPU
		{A7760D1D-2442-47F4-A21D-E4126C359203}.Ad-Hoc|x64.Deploy.0 = Debug|Any CPU
		{A7760D1D-2442-47F4-A21D-E4126C359203}.Ad-Hoc|x86.ActiveCfg = Debug|Any CPU
		{A7760D1D-2442-47F4-A21D-E4126C359203}.Ad-Hoc|x86.Build.0 = Debug|Any CPU
		{A7760D1D-2442-47F4-A21D-E4126C359203}.Ad-Hoc|x86.Deploy.0 = Debug|Any CPU
		{A7760D1D-2442-47F4-A21D-E4126C359203}.AppStore|Any CPU.ActiveCfg = Debug|Any CPU
		{A7760D1D-2442-47F4-A21D-E4126C359203}.AppStore|Any CPU.Build.0 = Debug|Any CPU
		{A7760D1D-2442-47F4-A21D-E4126C359203}.AppStore|Any CPU.Deploy.0 = Debug|Any CPU
		{A7760D1D-2442-47F4-A21D-E4126C359203}.AppStore|ARM.ActiveCfg = Debug|Any CPU
		{A7760D1D-2442-47F4-A21D-E4126C359203}.AppStore|ARM.Build.0 = Debug|Any CPU
		{A7760D1D-2442-47F4-A21D-E4126C359203}.AppStore|ARM.Deploy.0 = Debug|Any CPU
		{A7760D1D-2442-47F4-A21D-E4126C359203}.AppStore|iPhone.ActiveCfg = Debug|Any CPU
		{A7760D1D-2442-47F4-A21D-E4126C359203}.AppStore|iPhone.Build.0 = Debug|Any CPU
		{A7760D1D-2442-47F4-A21D-E4126C359203}.AppStore|iPhone.Deploy.0 = Debug|Any CPU
		{A7760D1D-2442-47F4-A21D-E4126C359203}.AppStore|iPhoneSimulator.ActiveCfg = Debug|Any CPU
		{A7760D1D-2442-47F4-A21D-E4126C359203}.AppStore|iPhoneSimulator.Build.0 = Debug|Any CPU
		{A7760D1D-2442-47F4-A21D-E4126C359203}.AppStore|iPhoneSimulator.Deploy.0 = Debug|Any CPU
		{A7760D1D-2442-47F4-A21D-E4126C359203}.AppStore|x64.ActiveCfg = Debug|Any CPU
		{A7760D1D-2442-47F4-A21D-E4126C359203}.AppStore|x64.Build.0 = Debug|Any CPU
		{A7760D1D-2442-47F4-A21D-E4126C359203}.AppStore|x64.Deploy.0 = Debug|Any CPU
		{A7760D1D-2442-47F4-A21D-E4126C359203}.AppStore|x86.ActiveCfg = Debug|Any CPU
		{A7760D1D-2442-47F4-A21D-E4126C359203}.AppStore|x86.Build.0 = Debug|Any CPU
		{A7760D1D-2442-47F4-A21D-E4126C359203}.AppStore|x86.Deploy.0 = Debug|Any CPU
		{A7760D1D-2442-47F4-A21D-E4126C359203}.Debug|Any CPU.ActiveCfg = Debug|Any CPU
		{A7760D1D-2442-47F4-A21D-E4126C359203}.Debug|Any CPU.Build.0 = Debug|Any CPU
		{A7760D1D-2442-47F4-A21D-E4126C359203}.Debug|Any CPU.Deploy.0 = Debug|Any CPU
		{A7760D1D-2442-47F4-A21D-E4126C359203}.Debug|ARM.ActiveCfg = Debug|Any CPU
		{A7760D1D-2442-47F4-A21D-E4126C359203}.Debug|ARM.Build.0 = Debug|Any CPU
		{A7760D1D-2442-47F4-A21D-E4126C359203}.Debug|ARM.Deploy.0 = Debug|Any CPU
		{A7760D1D-2442-47F4-A21D-E4126C359203}.Debug|iPhone.ActiveCfg = Debug|Any CPU
		{A7760D1D-2442-47F4-A21D-E4126C359203}.Debug|iPhone.Build.0 = Debug|Any CPU
		{A7760D1D-2442-47F4-A21D-E4126C359203}.Debug|iPhone.Deploy.0 = Debug|Any CPU
		{A7760D1D-2442-47F4-A21D-E4126C359203}.Debug|iPhoneSimulator.ActiveCfg = Debug|Any CPU
		{A7760D1D-2442-47F4-A21D-E4126C359203}.Debug|iPhoneSimulator.Build.0 = Debug|Any CPU
		{A7760D1D-2442-47F4-A21D-E4126C359203}.Debug|iPhoneSimulator.Deploy.0 = Debug|Any CPU
		{A7760D1D-2442-47F4-A21D-E4126C359203}.Debug|x64.ActiveCfg = Debug|Any CPU
		{A7760D1D-2442-47F4-A21D-E4126C359203}.Debug|x64.Build.0 = Debug|Any CPU
		{A7760D1D-2442-47F4-A21D-E4126C359203}.Debug|x64.Deploy.0 = Debug|Any CPU
		{A7760D1D-2442-47F4-A21D-E4126C359203}.Debug|x86.ActiveCfg = Debug|Any CPU
		{A7760D1D-2442-47F4-A21D-E4126C359203}.Debug|x86.Build.0 = Debug|Any CPU
		{A7760D1D-2442-47F4-A21D-E4126C359203}.Debug|x86.Deploy.0 = Debug|Any CPU
		{A7760D1D-2442-47F4-A21D-E4126C359203}.Release|Any CPU.ActiveCfg = Release|Any CPU
		{A7760D1D-2442-47F4-A21D-E4126C359203}.Release|Any CPU.Build.0 = Release|Any CPU
		{A7760D1D-2442-47F4-A21D-E4126C359203}.Release|Any CPU.Deploy.0 = Release|Any CPU
		{A7760D1D-2442-47F4-A21D-E4126C359203}.Release|ARM.ActiveCfg = Release|Any CPU
		{A7760D1D-2442-47F4-A21D-E4126C359203}.Release|ARM.Build.0 = Release|Any CPU
		{A7760D1D-2442-47F4-A21D-E4126C359203}.Release|ARM.Deploy.0 = Release|Any CPU
		{A7760D1D-2442-47F4-A21D-E4126C359203}.Release|iPhone.ActiveCfg = Release|Any CPU
		{A7760D1D-2442-47F4-A21D-E4126C359203}.Release|iPhone.Build.0 = Release|Any CPU
		{A7760D1D-2442-47F4-A21D-E4126C359203}.Release|iPhone.Deploy.0 = Release|Any CPU
		{A7760D1D-2442-47F4-A21D-E4126C359203}.Release|iPhoneSimulator.ActiveCfg = Release|Any CPU
		{A7760D1D-2442-47F4-A21D-E4126C359203}.Release|iPhoneSimulator.Build.0 = Release|Any CPU
		{A7760D1D-2442-47F4-A21D-E4126C359203}.Release|iPhoneSimulator.Deploy.0 = Release|Any CPU
		{A7760D1D-2442-47F4-A21D-E4126C359203}.Release|x64.ActiveCfg = Release|Any CPU
		{A7760D1D-2442-47F4-A21D-E4126C359203}.Release|x64.Build.0 = Release|Any CPU
		{A7760D1D-2442-47F4-A21D-E4126C359203}.Release|x64.Deploy.0 = Release|Any CPU
		{A7760D1D-2442-47F4-A21D-E4126C359203}.Release|x86.ActiveCfg = Release|Any CPU
		{A7760D1D-2442-47F4-A21D-E4126C359203}.Release|x86.Build.0 = Release|Any CPU
		{A7760D1D-2442-47F4-A21D-E4126C359203}.Release|x86.Deploy.0 = Release|Any CPU
	EndGlobalSection
	GlobalSection(SolutionProperties) = preSolution
		HideSolutionNode = FALSE
	EndGlobalSection
	GlobalSection(ExtensibilityGlobals) = postSolution
		SolutionGuid = {F4C32EB0-6F33-418F-ABAA-9EB83BFDF29B}
	EndGlobalSection
EndGlobal
